// !$*UTF8*$!
{
	archiveVersion = 1;
	classes = {
	};
	objectVersion = 51;
	objects = {

/* Begin PBXBuildFile section */
		CE87FA06260DBCC800FC8883 /* AppDelegate.swift in Sources */ = {isa = PBXBuildFile; fileRef = CE87FA05260DBCC800FC8883 /* AppDelegate.swift */; };
		CE87FA0A260DBCC800FC8883 /* ViewController.swift in Sources */ = {isa = PBXBuildFile; fileRef = CE87FA09260DBCC800FC8883 /* ViewController.swift */; };
		CE87FA0D260DBCC800FC8883 /* Main.storyboard in Resources */ = {isa = PBXBuildFile; fileRef = CE87FA0B260DBCC800FC8883 /* Main.storyboard */; };
		CE87FA0F260DBCCB00FC8883 /* Assets.xcassets in Resources */ = {isa = PBXBuildFile; fileRef = CE87FA0E260DBCCB00FC8883 /* Assets.xcassets */; };
		CE87FA12260DBCCB00FC8883 /* LaunchScreen.storyboard in Resources */ = {isa = PBXBuildFile; fileRef = CE87FA10260DBCCB00FC8883 /* LaunchScreen.storyboard */; };
		EDB3F5D39842B0C53D669C6B /* Pods_IntegrationsTemplate.framework in Frameworks */ = {isa = PBXBuildFile; fileRef = 80A312914A220444580A6929 /* Pods_IntegrationsTemplate.framework */; };
/* End PBXBuildFile section */

/* Begin PBXFileReference section */
		38AD6D8DE60A7C97882BEE60 /* Pods-IntegrationsTemplate.release.xcconfig */ = {isa = PBXFileReference; includeInIndex = 1; lastKnownFileType = text.xcconfig; name = "Pods-IntegrationsTemplate.release.xcconfig"; path = "Target Support Files/Pods-IntegrationsTemplate/Pods-IntegrationsTemplate.release.xcconfig"; sourceTree = "<group>"; };
		80A312914A220444580A6929 /* Pods_IntegrationsTemplate.framework */ = {isa = PBXFileReference; explicitFileType = wrapper.framework; includeInIndex = 0; path = Pods_IntegrationsTemplate.framework; sourceTree = BUILT_PRODUCTS_DIR; };
		975632DC1EFEF9792B2ECB18 /* Pods-IntegrationsTemplate.debug.xcconfig */ = {isa = PBXFileReference; includeInIndex = 1; lastKnownFileType = text.xcconfig; name = "Pods-IntegrationsTemplate.debug.xcconfig"; path = "Target Support Files/Pods-IntegrationsTemplate/Pods-IntegrationsTemplate.debug.xcconfig"; sourceTree = "<group>"; };
		CE87FA02260DBCC800FC8883 /* IntegrationsTemplate.app */ = {isa = PBXFileReference; explicitFileType = wrapper.application; includeInIndex = 0; path = IntegrationsTemplate.app; sourceTree = BUILT_PRODUCTS_DIR; };
		CE87FA05260DBCC800FC8883 /* AppDelegate.swift */ = {isa = PBXFileReference; lastKnownFileType = sourcecode.swift; path = AppDelegate.swift; sourceTree = "<group>"; };
		CE87FA09260DBCC800FC8883 /* ViewController.swift */ = {isa = PBXFileReference; lastKnownFileType = sourcecode.swift; path = ViewController.swift; sourceTree = "<group>"; };
		CE87FA0C260DBCC800FC8883 /* Base */ = {isa = PBXFileReference; lastKnownFileType = file.storyboard; name = Base; path = Base.lproj/Main.storyboard; sourceTree = "<group>"; };
		CE87FA0E260DBCCB00FC8883 /* Assets.xcassets */ = {isa = PBXFileReference; lastKnownFileType = folder.assetcatalog; path = Assets.xcassets; sourceTree = "<group>"; };
		CE87FA11260DBCCB00FC8883 /* Base */ = {isa = PBXFileReference; lastKnownFileType = file.storyboard; name = Base; path = Base.lproj/LaunchScreen.storyboard; sourceTree = "<group>"; };
		CE87FA13260DBCCB00FC8883 /* Info.plist */ = {isa = PBXFileReference; lastKnownFileType = text.plist.xml; path = Info.plist; sourceTree = "<group>"; };
/* End PBXFileReference section */

/* Begin PBXFrameworksBuildPhase section */
		CE87F9FF260DBCC800FC8883 /* Frameworks */ = {
			isa = PBXFrameworksBuildPhase;
			buildActionMask = 2147483647;
			files = (
				EDB3F5D39842B0C53D669C6B /* Pods_IntegrationsTemplate.framework in Frameworks */,
			);
			runOnlyForDeploymentPostprocessing = 0;
		};
/* End PBXFrameworksBuildPhase section */

/* Begin PBXGroup section */
		51F64D1153F3D5018A37BCBF /* Frameworks */ = {
			isa = PBXGroup;
			children = (
				80A312914A220444580A6929 /* Pods_IntegrationsTemplate.framework */,
			);
			name = Frameworks;
			sourceTree = "<group>";
		};
		CE87F9F9260DBCC800FC8883 = {
			isa = PBXGroup;
			children = (
				CE87FA04260DBCC800FC8883 /* IntegrationsTemplate */,
				CE87FA03260DBCC800FC8883 /* Products */,
				EEE5AFF1BECAD4524DE527FA /* Pods */,
				51F64D1153F3D5018A37BCBF /* Frameworks */,
			);
			sourceTree = "<group>";
		};
		CE87FA03260DBCC800FC8883 /* Products */ = {
			isa = PBXGroup;
			children = (
				CE87FA02260DBCC800FC8883 /* IntegrationsTemplate.app */,
			);
			name = Products;
			sourceTree = "<group>";
		};
		CE87FA04260DBCC800FC8883 /* IntegrationsTemplate */ = {
			isa = PBXGroup;
			children = (
				CE87FA05260DBCC800FC8883 /* AppDelegate.swift */,
				CE87FA09260DBCC800FC8883 /* ViewController.swift */,
				CE87FA0B260DBCC800FC8883 /* Main.storyboard */,
				CE87FA0E260DBCCB00FC8883 /* Assets.xcassets */,
				CE87FA10260DBCCB00FC8883 /* LaunchScreen.storyboard */,
				CE87FA13260DBCCB00FC8883 /* Info.plist */,
			);
			path = IntegrationsTemplate;
			sourceTree = "<group>";
		};
		EEE5AFF1BECAD4524DE527FA /* Pods */ = {
			isa = PBXGroup;
			children = (
				975632DC1EFEF9792B2ECB18 /* Pods-IntegrationsTemplate.debug.xcconfig */,
				38AD6D8DE60A7C97882BEE60 /* Pods-IntegrationsTemplate.release.xcconfig */,
			);
			path = Pods;
			sourceTree = "<group>";
		};
/* End PBXGroup section */

/* Begin PBXNativeTarget section */
		CE87FA01260DBCC800FC8883 /* IntegrationsTemplate */ = {
			isa = PBXNativeTarget;
			buildConfigurationList = CE87FA16260DBCCB00FC8883 /* Build configuration list for PBXNativeTarget "IntegrationsTemplate" */;
			buildPhases = (
				3E08A47BFAF3EB5DE5303051 /* [CP] Check Pods Manifest.lock */,
				CE87F9FE260DBCC800FC8883 /* Sources */,
				CE87F9FF260DBCC800FC8883 /* Frameworks */,
				CE87FA00260DBCC800FC8883 /* Resources */,
				C31C45036A695422C89C18EF /* [CP] Embed Pods Frameworks */,
			);
			buildRules = (
			);
			dependencies = (
			);
			name = IntegrationsTemplate;
			productName = IntegrationsTemplate;
			productReference = CE87FA02260DBCC800FC8883 /* IntegrationsTemplate.app */;
			productType = "com.apple.product-type.application";
		};
/* End PBXNativeTarget section */

/* Begin PBXProject section */
		CE87F9FA260DBCC800FC8883 /* Project object */ = {
			isa = PBXProject;
			attributes = {
				LastSwiftUpdateCheck = 1240;
				LastUpgradeCheck = 1240;
				TargetAttributes = {
					CE87FA01260DBCC800FC8883 = {
						CreatedOnToolsVersion = 12.4;
					};
				};
			};
			buildConfigurationList = CE87F9FD260DBCC800FC8883 /* Build configuration list for PBXProject "IntegrationsTemplate" */;
			compatibilityVersion = "Xcode 9.3";
			developmentRegion = en;
			hasScannedForEncodings = 0;
			knownRegions = (
				en,
				Base,
			);
			mainGroup = CE87F9F9260DBCC800FC8883;
			productRefGroup = CE87FA03260DBCC800FC8883 /* Products */;
			projectDirPath = "";
			projectRoot = "";
			targets = (
				CE87FA01260DBCC800FC8883 /* IntegrationsTemplate */,
			);
		};
/* End PBXProject section */

/* Begin PBXResourcesBuildPhase section */
		CE87FA00260DBCC800FC8883 /* Resources */ = {
			isa = PBXResourcesBuildPhase;
			buildActionMask = 2147483647;
			files = (
				CE87FA12260DBCCB00FC8883 /* LaunchScreen.storyboard in Resources */,
				CE87FA0F260DBCCB00FC8883 /* Assets.xcassets in Resources */,
				CE87FA0D260DBCC800FC8883 /* Main.storyboard in Resources */,
			);
			runOnlyForDeploymentPostprocessing = 0;
		};
/* End PBXResourcesBuildPhase section */

/* Begin PBXShellScriptBuildPhase section */
		3E08A47BFAF3EB5DE5303051 /* [CP] Check Pods Manifest.lock */ = {
			isa = PBXShellScriptBuildPhase;
			buildActionMask = 2147483647;
			files = (
			);
			inputFileListPaths = (
			);
			inputPaths = (
				"${PODS_PODFILE_DIR_PATH}/Podfile.lock",
				"${PODS_ROOT}/Manifest.lock",
			);
			name = "[CP] Check Pods Manifest.lock";
			outputFileListPaths = (
			);
			outputPaths = (
				"$(DERIVED_FILE_DIR)/Pods-IntegrationsTemplate-checkManifestLockResult.txt",
			);
			runOnlyForDeploymentPostprocessing = 0;
			shellPath = /bin/sh;
			shellScript = "diff \"${PODS_PODFILE_DIR_PATH}/Podfile.lock\" \"${PODS_ROOT}/Manifest.lock\" > /dev/null\nif [ $? != 0 ] ; then\n    # print error to STDERR\n    echo \"error: The sandbox is not in sync with the Podfile.lock. Run 'pod install' or update your CocoaPods installation.\" >&2\n    exit 1\nfi\n# This output is used by Xcode 'outputs' to avoid re-running this script phase.\necho \"SUCCESS\" > \"${SCRIPT_OUTPUT_FILE_0}\"\n";
			showEnvVarsInLog = 0;
		};
		C31C45036A695422C89C18EF /* [CP] Embed Pods Frameworks */ = {
			isa = PBXShellScriptBuildPhase;
			buildActionMask = 2147483647;
			files = (
			);
			inputFileListPaths = (
				"${PODS_ROOT}/Target Support Files/Pods-IntegrationsTemplate/Pods-IntegrationsTemplate-frameworks-${CONFIGURATION}-input-files.xcfilelist",
			);
			name = "[CP] Embed Pods Frameworks";
			outputFileListPaths = (
				"${PODS_ROOT}/Target Support Files/Pods-IntegrationsTemplate/Pods-IntegrationsTemplate-frameworks-${CONFIGURATION}-output-files.xcfilelist",
			);
			runOnlyForDeploymentPostprocessing = 0;
			shellPath = /bin/sh;
			shellScript = "\"${PODS_ROOT}/Target Support Files/Pods-IntegrationsTemplate/Pods-IntegrationsTemplate-frameworks.sh\"\n";
			showEnvVarsInLog = 0;
		};
/* End PBXShellScriptBuildPhase section */

/* Begin PBXSourcesBuildPhase section */
		CE87F9FE260DBCC800FC8883 /* Sources */ = {
			isa = PBXSourcesBuildPhase;
			buildActionMask = 2147483647;
			files = (
				CE87FA0A260DBCC800FC8883 /* ViewController.swift in Sources */,
				CE87FA06260DBCC800FC8883 /* AppDelegate.swift in Sources */,
			);
			runOnlyForDeploymentPostprocessing = 0;
		};
/* End PBXSourcesBuildPhase section */

/* Begin PBXVariantGroup section */
		CE87FA0B260DBCC800FC8883 /* Main.storyboard */ = {
			isa = PBXVariantGroup;
			children = (
				CE87FA0C260DBCC800FC8883 /* Base */,
			);
			name = Main.storyboard;
			sourceTree = "<group>";
		};
		CE87FA10260DBCCB00FC8883 /* LaunchScreen.storyboard */ = {
			isa = PBXVariantGroup;
			children = (
				CE87FA11260DBCCB00FC8883 /* Base */,
			);
			name = LaunchScreen.storyboard;
			sourceTree = "<group>";
		};
/* End PBXVariantGroup section */

/* Begin XCBuildConfiguration section */
		CE87FA14260DBCCB00FC8883 /* Debug */ = {
			isa = XCBuildConfiguration;
			buildSettings = {
				ALWAYS_SEARCH_USER_PATHS = NO;
				CLANG_ANALYZER_NONNULL = YES;
				CLANG_ANALYZER_NUMBER_OBJECT_CONVERSION = YES_AGGRESSIVE;
				CLANG_CXX_LANGUAGE_STANDARD = "gnu++14";
				CLANG_CXX_LIBRARY = "libc++";
				CLANG_ENABLE_MODULES = YES;
				CLANG_ENABLE_OBJC_ARC = YES;
				CLANG_ENABLE_OBJC_WEAK = YES;
				CLANG_WARN_BLOCK_CAPTURE_AUTORELEASING = YES;
				CLANG_WARN_BOOL_CONVERSION = YES;
				CLANG_WARN_COMMA = YES;
				CLANG_WARN_CONSTANT_CONVERSION = YES;
				CLANG_WARN_DEPRECATED_OBJC_IMPLEMENTATIONS = YES;
				CLANG_WARN_DIRECT_OBJC_ISA_USAGE = YES_ERROR;
				CLANG_WARN_DOCUMENTATION_COMMENTS = YES;
				CLANG_WARN_EMPTY_BODY = YES;
				CLANG_WARN_ENUM_CONVERSION = YES;
				CLANG_WARN_INFINITE_RECURSION = YES;
				CLANG_WARN_INT_CONVERSION = YES;
				CLANG_WARN_NON_LITERAL_NULL_CONVERSION = YES;
				CLANG_WARN_OBJC_IMPLICIT_RETAIN_SELF = YES;
				CLANG_WARN_OBJC_LITERAL_CONVERSION = YES;
				CLANG_WARN_OBJC_ROOT_CLASS = YES_ERROR;
				CLANG_WARN_QUOTED_INCLUDE_IN_FRAMEWORK_HEADER = YES;
				CLANG_WARN_RANGE_LOOP_ANALYSIS = YES;
				CLANG_WARN_STRICT_PROTOTYPES = YES;
				CLANG_WARN_SUSPICIOUS_MOVE = YES;
				CLANG_WARN_UNGUARDED_AVAILABILITY = YES_AGGRESSIVE;
				CLANG_WARN_UNREACHABLE_CODE = YES;
				CLANG_WARN__DUPLICATE_METHOD_MATCH = YES;
				COPY_PHASE_STRIP = NO;
				DEBUG_INFORMATION_FORMAT = dwarf;
				ENABLE_STRICT_OBJC_MSGSEND = YES;
				ENABLE_TESTABILITY = YES;
				GCC_C_LANGUAGE_STANDARD = gnu11;
				GCC_DYNAMIC_NO_PIC = NO;
				GCC_NO_COMMON_BLOCKS = YES;
				GCC_OPTIMIZATION_LEVEL = 0;
				GCC_PREPROCESSOR_DEFINITIONS = (
					"DEBUG=1",
					"$(inherited)",
				);
				GCC_WARN_64_TO_32_BIT_CONVERSION = YES;
				GCC_WARN_ABOUT_RETURN_TYPE = YES_ERROR;
				GCC_WARN_UNDECLARED_SELECTOR = YES;
				GCC_WARN_UNINITIALIZED_AUTOS = YES_AGGRESSIVE;
				GCC_WARN_UNUSED_FUNCTION = YES;
				GCC_WARN_UNUSED_VARIABLE = YES;
				IPHONEOS_DEPLOYMENT_TARGET = 14.4;
				MTL_ENABLE_DEBUG_INFO = INCLUDE_SOURCE;
				MTL_FAST_MATH = YES;
				ONLY_ACTIVE_ARCH = YES;
				SDKROOT = iphoneos;
				SWIFT_ACTIVE_COMPILATION_CONDITIONS = DEBUG;
				SWIFT_OPTIMIZATION_LEVEL = "-Onone";
			};
			name = Debug;
		};
		CE87FA15260DBCCB00FC8883 /* Release */ = {
			isa = XCBuildConfiguration;
			buildSettings = {
				ALWAYS_SEARCH_USER_PATHS = NO;
				CLANG_ANALYZER_NONNULL = YES;
				CLANG_ANALYZER_NUMBER_OBJECT_CONVERSION = YES_AGGRESSIVE;
				CLANG_CXX_LANGUAGE_STANDARD = "gnu++14";
				CLANG_CXX_LIBRARY = "libc++";
				CLANG_ENABLE_MODULES = YES;
				CLANG_ENABLE_OBJC_ARC = YES;
				CLANG_ENABLE_OBJC_WEAK = YES;
				CLANG_WARN_BLOCK_CAPTURE_AUTORELEASING = YES;
				CLANG_WARN_BOOL_CONVERSION = YES;
				CLANG_WARN_COMMA = YES;
				CLANG_WARN_CONSTANT_CONVERSION = YES;
				CLANG_WARN_DEPRECATED_OBJC_IMPLEMENTATIONS = YES;
				CLANG_WARN_DIRECT_OBJC_ISA_USAGE = YES_ERROR;
				CLANG_WARN_DOCUMENTATION_COMMENTS = YES;
				CLANG_WARN_EMPTY_BODY = YES;
				CLANG_WARN_ENUM_CONVERSION = YES;
				CLANG_WARN_INFINITE_RECURSION = YES;
				CLANG_WARN_INT_CONVERSION = YES;
				CLANG_WARN_NON_LITERAL_NULL_CONVERSION = YES;
				CLANG_WARN_OBJC_IMPLICIT_RETAIN_SELF = YES;
				CLANG_WARN_OBJC_LITERAL_CONVERSION = YES;
				CLANG_WARN_OBJC_ROOT_CLASS = YES_ERROR;
				CLANG_WARN_QUOTED_INCLUDE_IN_FRAMEWORK_HEADER = YES;
				CLANG_WARN_RANGE_LOOP_ANALYSIS = YES;
				CLANG_WARN_STRICT_PROTOTYPES = YES;
				CLANG_WARN_SUSPICIOUS_MOVE = YES;
				CLANG_WARN_UNGUARDED_AVAILABILITY = YES_AGGRESSIVE;
				CLANG_WARN_UNREACHABLE_CODE = YES;
				CLANG_WARN__DUPLICATE_METHOD_MATCH = YES;
				COPY_PHASE_STRIP = NO;
				DEBUG_INFORMATION_FORMAT = "dwarf-with-dsym";
				ENABLE_NS_ASSERTIONS = NO;
				ENABLE_STRICT_OBJC_MSGSEND = YES;
				GCC_C_LANGUAGE_STANDARD = gnu11;
				GCC_NO_COMMON_BLOCKS = YES;
				GCC_WARN_64_TO_32_BIT_CONVERSION = YES;
				GCC_WARN_ABOUT_RETURN_TYPE = YES_ERROR;
				GCC_WARN_UNDECLARED_SELECTOR = YES;
				GCC_WARN_UNINITIALIZED_AUTOS = YES_AGGRESSIVE;
				GCC_WARN_UNUSED_FUNCTION = YES;
				GCC_WARN_UNUSED_VARIABLE = YES;
				IPHONEOS_DEPLOYMENT_TARGET = 14.4;
				MTL_ENABLE_DEBUG_INFO = NO;
				MTL_FAST_MATH = YES;
				SDKROOT = iphoneos;
				SWIFT_COMPILATION_MODE = wholemodule;
				SWIFT_OPTIMIZATION_LEVEL = "-O";
				VALIDATE_PRODUCT = YES;
			};
			name = Release;
		};
		CE87FA17260DBCCB00FC8883 /* Debug */ = {
			isa = XCBuildConfiguration;
			baseConfigurationReference = 975632DC1EFEF9792B2ECB18 /* Pods-IntegrationsTemplate.debug.xcconfig */;
			buildSettings = {
				ASSETCATALOG_COMPILER_APPICON_NAME = AppIcon;
				ASSETCATALOG_COMPILER_GLOBAL_ACCENT_COLOR_NAME = AccentColor;
				CODE_SIGN_STYLE = Automatic;
				DEVELOPMENT_TEAM = FXW2DCUD22;
				INFOPLIST_FILE = IntegrationsTemplate/Info.plist;
				LD_RUNPATH_SEARCH_PATHS = (
					"$(inherited)",
					"@executable_path/Frameworks",
				);
				PRODUCT_BUNDLE_IDENTIFIER = com.azurapps.IntegrationsTemplate;
				PRODUCT_NAME = "$(TARGET_NAME)";
				SWIFT_VERSION = 5.0;
				TARGETED_DEVICE_FAMILY = "1,2";
			};
			name = Debug;
		};
		CE87FA18260DBCCB00FC8883 /* Release */ = {
			isa = XCBuildConfiguration;
			baseConfigurationReference = 38AD6D8DE60A7C97882BEE60 /* Pods-IntegrationsTemplate.release.xcconfig */;
			buildSettings = {
				ASSETCATALOG_COMPILER_APPICON_NAME = AppIcon;
				ASSETCATALOG_COMPILER_GLOBAL_ACCENT_COLOR_NAME = AccentColor;
				CODE_SIGN_STYLE = Automatic;
				DEVELOPMENT_TEAM = FXW2DCUD22;
				INFOPLIST_FILE = IntegrationsTemplate/Info.plist;
				LD_RUNPATH_SEARCH_PATHS = (
					"$(inherited)",
					"@executable_path/Frameworks",
				);
				PRODUCT_BUNDLE_IDENTIFIER = com.azurapps.IntegrationsTemplate;
				PRODUCT_NAME = "$(TARGET_NAME)";
				SWIFT_VERSION = 5.0;
				TARGETED_DEVICE_FAMILY = "1,2";
			};
			name = Release;
		};
/* End XCBuildConfiguration section */

/* Begin XCConfigurationList section */
		CE87F9FD260DBCC800FC8883 /* Build configuration list for PBXProject "IntegrationsTemplate" */ = {
			isa = XCConfigurationList;
			buildConfigurations = (
				CE87FA14260DBCCB00FC8883 /* Debug */,
				CE87FA15260DBCCB00FC8883 /* Release */,
			);
			defaultConfigurationIsVisible = 0;
			defaultConfigurationName = Release;
		};
		CE87FA16260DBCCB00FC8883 /* Build configuration list for PBXNativeTarget "IntegrationsTemplate" */ = {
			isa = XCConfigurationList;
			buildConfigurations = (
				CE87FA17260DBCCB00FC8883 /* Debug */,
				CE87FA18260DBCCB00FC8883 /* Release */,
			);
			defaultConfigurationIsVisible = 0;
			defaultConfigurationName = Release;
		};
/* End XCConfigurationList section */
	};
	rootObject = CE87F9FA260DBCC800FC8883 /* Project object */;
}
